
Microsoft Visual Studio Solution File, Format Version 12.00
# Visual Studio Version 17
VisualStudioVersion = 17.7.34221.43
MinimumVisualStudioVersion = 10.0.40219.1
Project("{FAE04EC0-301F-11D3-BF4B-00C04F79EFBC}") = "1_Web_Aplication_PDF", "1_Web_Aplication_PDF\1_Web_Aplication_PDF.csproj", "{E0674015-A586-4452-96B4-6DF475B7996F}"
EndProject
Global
	GlobalSection(SolutionConfigurationPlatforms) = preSolution
		Debug|Any CPU = Debug|Any CPU
		Release|Any CPU = Release|Any CPU
	EndGlobalSection
	GlobalSection(ProjectConfigurationPlatforms) = postSolution
		{E0674015-A586-4452-96B4-6DF475B7996F}.Debug|Any CPU.ActiveCfg = Debug|Any CPU
		{E0674015-A586-4452-96B4-6DF475B7996F}.Debug|Any CPU.Build.0 = Debug|Any CPU
		{E0674015-A586-4452-96B4-6DF475B7996F}.Release|Any CPU.ActiveCfg = Release|Any CPU
		{E0674015-A586-4452-96B4-6DF475B7996F}.Release|Any CPU.Build.0 = Release|Any CPU
	EndGlobalSection
	GlobalSection(SolutionProperties) = preSolution
		HideSolutionNode = FALSE
	EndGlobalSection
	GlobalSection(ExtensibilityGlobals) = postSolution
		SolutionGuid = {DE90E2AD-3D63-4D4D-AF8C-F9334A0B44F1}
	EndGlobalSection
EndGlobal
