
Microsoft Visual Studio Solution File, Format Version 12.00
# Visual Studio Version 17
VisualStudioVersion = 17.7.34221.43
MinimumVisualStudioVersion = 10.0.40219.1
Project("{FAE04EC0-301F-11D3-BF4B-00C04F79EFBC}") = "0_Hola_mundo", "0_Hola_mundo\0_Hola_mundo.csproj", "{0141E660-0C2F-482B-9753-6DFB4BBF0C4F}"
EndProject
Global
	GlobalSection(SolutionConfigurationPlatforms) = preSolution
		Debug|Any CPU = Debug|Any CPU
		Release|Any CPU = Release|Any CPU
	EndGlobalSection
	GlobalSection(ProjectConfigurationPlatforms) = postSolution
		{0141E660-0C2F-482B-9753-6DFB4BBF0C4F}.Debug|Any CPU.ActiveCfg = Debug|Any CPU
		{0141E660-0C2F-482B-9753-6DFB4BBF0C4F}.Debug|Any CPU.Build.0 = Debug|Any CPU
		{0141E660-0C2F-482B-9753-6DFB4BBF0C4F}.Release|Any CPU.ActiveCfg = Release|Any CPU
		{0141E660-0C2F-482B-9753-6DFB4BBF0C4F}.Release|Any CPU.Build.0 = Release|Any CPU
	EndGlobalSection
	GlobalSection(SolutionProperties) = preSolution
		HideSolutionNode = FALSE
	EndGlobalSection
	GlobalSection(ExtensibilityGlobals) = postSolution
		SolutionGuid = {AF12311E-DCD7-4376-8EE8-BAB51DBC2EB8}
	EndGlobalSection
EndGlobal
